version = 1
revision = 3
requires-python = "==3.10.*"

[[package]]
name = "cachetools"
version = "7.1.4"
source = { registry = "https://pypi.org/simple" }
sdist = { url = "https://files.pythonhosted.org/packages/f4/8b/0d3945a13955303b81272f759a0331e54c5c793da455e6f5706b89d2639c/cachetools-7.1.4.tar.gz", hash = "sha256:437f55a4e0c1b01a4f3077cc470e6991d47430970e36fbcb77e2be0df4fc1cd6", size = 40085, upload-time = "2026-05-21T22:40:43.376Z" }
wheels = [
    { url = "https://files.pythonhosted.org/packages/8c/7b/1fc1c09cc0756cf25861a3be10565915953876da48bb228fb9a672b20a42/cachetools-7.1.4-py3-none-any.whl", hash = "sha256:323dc4127934744db5b54eb4924482d7edafbf9554e820d1531c2e08c0e4ef54", size = 16761, upload-time = "2026-05-21T22:40:41.845Z" },
]

[[package]]
name = "certifi"
version = "2026.5.20"
source = { registry = "https://pypi.org/simple" }
sdist = { url = "https://files.pythonhosted.org/packages/f3/ce/ee2ecad540810a79593028e88299baeae54d346cc7a0d94b6199988b89b1/certifi-2026.5.20.tar.gz", hash = "sha256:69dea482ab64caa7b9f6aba1c6bf48bb6a5448d1c0f1b17ab42ad8c763a5344d", size = 135422, upload-time = "2026-05-20T11:46:50.073Z" }
wheels = [
    { url = "https://files.pythonhosted.org/packages/59/8c/57e832b7af6d7c5abe66eb3fbe3a3a32f4d11ea23a1aa7131371035be991/certifi-2026.5.20-py3-none-any.whl", hash = "sha256:3c52e209ba0a4ad7aebe60436a4ab349c39e1e602e8c134221e546902ad25897", size = 134134, upload-time = "2026-05-20T11:46:48.578Z" },
]

[[package]]
name = "cffi"
version = "2.0.0"
source = { registry = "https://pypi.org/simple" }
dependencies = [
    { name = "pycparser", marker = "implementation_name != 'PyPy'" },
]
sdist = { url = "https://files.pythonhosted.org/packages/eb/56/b1ba7935a17738ae8453301356628e8147c79dbb825bcbc73dc7401f9846/cffi-2.0.0.tar.gz", hash = "sha256:44d1b5909021139fe36001ae048dbdde8214afa20200eda0f64c068cac5d5529", size = 523588, upload-time = "2025-09-08T23:24:04.541Z" }
wheels = [
    { url = "https://files.pythonhosted.org/packages/e2/cc/027d7fb82e58c48ea717149b03bcadcbdc293553edb283af792bd4bcbb3f/cffi-2.0.0-cp310-cp310-win32.whl", hash = "sha256:1f72fb8906754ac8a2cc3f9f5aaa298070652a0ffae577e0ea9bd480dc3c931a", size = 172184, upload-time = "2025-09-08T23:22:23.328Z" },
    { url = "https://files.pythonhosted.org/packages/33/fa/072dd15ae27fbb4e06b437eb6e944e75b068deb09e2a2826039e49ee2045/cffi-2.0.0-cp310-cp310-win_amd64.whl", hash = "sha256:b18a3ed7d5b3bd8d9ef7a8cb226502c6bf8308df1525e1cc676c3680e7176739", size = 182790, upload-time = "2025-09-08T23:22:24.752Z" },
]

[[package]]
name = "charset-normalizer"
version = "3.4.7"
source = { registry = "https://pypi.org/simple" }
sdist = { url = "https://files.pythonhosted.org/packages/e7/a1/67fe25fac3c7642725500a3f6cfe5821ad557c3abb11c9d20d12c7008d3e/charset_normalizer-3.4.7.tar.gz", hash = "sha256:ae89db9e5f98a11a4bf50407d4363e7b09b31e55bc117b4f7d80aab97ba009e5", size = 144271, upload-time = "2026-04-02T09:28:39.342Z" }
wheels = [
    { url = "https://files.pythonhosted.org/packages/26/08/0f303cb0b529e456bb116f2d50565a482694fbb94340bf56d44677e7ed03/charset_normalizer-3.4.7-cp310-cp310-macosx_10_9_universal2.whl", hash = "sha256:cdd68a1fb318e290a2077696b7eb7a21a49163c455979c639bf5a5dcdc46617d", size = 315182, upload-time = "2026-04-02T09:25:40.673Z" },
    { url = "https://files.pythonhosted.org/packages/24/47/b192933e94b546f1b1fe4df9cc1f84fcdbf2359f8d1081d46dd029b50207/charset_normalizer-3.4.7-cp310-cp310-manylinux2014_aarch64.manylinux_2_17_aarch64.manylinux_2_28_aarch64.whl", hash = "sha256:e17b8d5d6a8c47c85e68ca8379def1303fd360c3e22093a807cd34a71cd082b8", size = 209329, upload-time = "2026-04-02T09:25:42.354Z" },
    { url = "https://files.pythonhosted.org/packages/c2/b4/01fa81c5ca6141024d89a8fc15968002b71da7f825dd14113207113fabbd/charset_normalizer-3.4.7-cp310-cp310-manylinux2014_ppc64le.manylinux_2_17_ppc64le.manylinux_2_28_ppc64le.whl", hash = "sha256:511ef87c8aec0783e08ac18565a16d435372bc1ac25a91e6ac7f5ef2b0bff790", size = 231230, upload-time = "2026-04-02T09:25:44.281Z" },
    { url = "https://files.pythonhosted.org/packages/20/f7/7b991776844dfa058017e600e6e55ff01984a063290ca5622c0b63162f68/charset_normalizer-3.4.7-cp310-cp310-manylinux2014_s390x.manylinux_2_17_s390x.manylinux_2_28_s390x.whl", hash = "sha256:007d05ec7321d12a40227aae9e2bc6dca73f3cb21058999a1df9e193555a9dcc", size = 225890, upload-time = "2026-04-02T09:25:45.475Z" },
    { url = "https://files.pythonhosted.org/packages/20/e7/bed0024a0f4ab0c8a9c64d4445f39b30c99bd1acd228291959e3de664247/charset_normalizer-3.4.7-cp310-cp310-manylinux2014_x86_64.manylinux_2_17_x86_64.manylinux_2_28_x86_64.whl", hash = "sha256:cf29836da5119f3c8a8a70667b0ef5fdca3bb12f80fd06487cfa575b3909b393", size = 216930, upload-time = "2026-04-02T09:25:46.58Z" },
    { url = "https://files.pythonhosted.org/packages/e2/ab/b18f0ab31cdd7b3ddb8bb76c4a414aeb8160c9810fdf1bc62f269a539d87/charset_normalizer-3.4.7-cp310-cp310-manylinux_2_31_armv7l.whl", hash = "sha256:12d8baf840cc7889b37c7c770f478adea7adce3dcb3944d02ec87508e2dcf153", size = 202109, upload-time = "2026-04-02T09:25:48.031Z" },
    { url = "https://files.pythonhosted.org/packages/82/e5/7e9440768a06dfb3075936490cb82dbf0ee20a133bf0dd8551fa096914ec/charset_normalizer-3.4.7-cp310-cp310-manylinux_2_31_riscv64.manylinux_2_39_riscv64.whl", hash = "sha256:d560742f3c0d62afaccf9f41fe485ed69bd7661a241f86a3ef0f0fb8b1a397af", size = 214684, upload-time = "2026-04-02T09:25:49.245Z" },
    { url = "https://files.pythonhosted.org/packages/71/94/8c61d8da9f062fdf457c80acfa25060ec22bf1d34bbeaca4350f13bcfd07/charset_normalizer-3.4.7-cp310-cp310-musllinux_1_2_aarch64.whl", hash = "sha256:b14b2d9dac08e28bb8046a1a0434b1750eb221c8f5b87a68f4fa11a6f97b5e34", size = 212785, upload-time = "2026-04-02T09:25:50.671Z" },
    { url = "https://files.pythonhosted.org/packages/66/cd/6e9889c648e72c0ab2e5967528bb83508f354d706637bc7097190c874e13/charset_normalizer-3.4.7-cp310-cp310-musllinux_1_2_armv7l.whl", hash = "sha256:bc17a677b21b3502a21f66a8cc64f5bfad4df8a0b8434d661666f8ce90ac3af1", size = 203055, upload-time = "2026-04-02T09:25:51.802Z" },
    { url = "https://files.pythonhosted.org/packages/92/2e/7a951d6a08aefb7eb8e1b54cdfb580b1365afdd9dd484dc4bee9e5d8f258/charset_normalizer-3.4.7-cp310-cp310-musllinux_1_2_ppc64le.whl", hash = "sha256:750e02e074872a3fad7f233b47734166440af3cdea0add3e95163110816d6752", size = 232502, upload-time = "2026-04-02T09:25:53.388Z" },
    { url = "https://files.pythonhosted.org/packages/58/d5/abcf2d83bf8e0a1286df55cd0dc1d49af0da4282aa77e986df343e7de124/charset_normalizer-3.4.7-cp310-cp310-musllinux_1_2_riscv64.whl", hash = "sha256:4e5163c14bffd570ef2affbfdd77bba66383890797df43dc8b4cc7d6f500bf53", size = 214295, upload-time = "2026-04-02T09:25:54.765Z" },
    { url = "https://files.pythonhosted.org/packages/47/3a/7d4cd7ed54be99973a0dc176032cba5cb1f258082c31fa6df35cff46acfc/charset_normalizer-3.4.7-cp310-cp310-musllinux_1_2_s390x.whl", hash = "sha256:6ed74185b2db44f41ef35fd1617c5888e59792da9bbc9190d6c7300617182616", size = 227145, upload-time = "2026-04-02T09:25:55.904Z" },
    { url = "https://files.pythonhosted.org/packages/1d/98/3a45bf8247889cf28262ebd3d0872edff11565b2a1e3064ccb132db3fbb0/charset_normalizer-3.4.7-cp310-cp310-musllinux_1_2_x86_64.whl", hash = "sha256:94e1885b270625a9a828c9793b4d52a64445299baa1fea5a173bf1d3dd9a1a5a", size = 218884, upload-time = "2026-04-02T09:25:57.074Z" },
    { url = "https://files.pythonhosted.org/packages/ad/80/2e8b7f8915ed5c9ef13aa828d82738e33888c485b65ebf744d615040c7ea/charset_normalizer-3.4.7-cp310-cp310-win32.whl", hash = "sha256:6785f414ae0f3c733c437e0f3929197934f526d19dfaa75e18fdb4f94c6fb374", size = 148343, upload-time = "2026-04-02T09:25:58.199Z" },
    { url = "https://files.pythonhosted.org/packages/35/1b/3b8c8c77184af465ee9ad88b5aea46ea6b2e1f7b9dc9502891e37af21e30/charset_normalizer-3.4.7-cp310-cp310-win_amd64.whl", hash = "sha256:6696b7688f54f5af4462118f0bfa7c1621eeb87154f77fa04b9295ce7a8f2943", size = 159174, upload-time = "2026-04-02T09:25:59.322Z" },
    { url = "https://files.pythonhosted.org/packages/be/c1/feb40dca40dbb21e0a908801782d9288c64fc8d8e562c2098e9994c8c21b/charset_normalizer-3.4.7-cp310-cp310-win_arm64.whl", hash = "sha256:66671f93accb62ed07da56613636f3641f1a12c13046ce91ffc923721f23c008", size = 147805, upload-time = "2026-04-02T09:26:00.756Z" },
    { url = "https://files.pythonhosted.org/packages/db/8f/61959034484a4a7c527811f4721e75d02d653a35afb0b6054474d8185d4c/charset_normalizer-3.4.7-py3-none-any.whl", hash = "sha256:3dce51d0f5e7951f8bb4900c257dad282f49190fdbebecd4ba99bcc41fef404d", size = 61958, upload-time = "2026-04-02T09:28:37.794Z" },
]

[[package]]
name = "colorama"
version = "0.4.6"
source = { registry = "https://pypi.org/simple" }
sdist = { url = "https://files.pythonhosted.org/packages/d8/53/6f443c9a4a8358a93a6792e2acffb9d9d5cb0a5cfd8802644b7b1c9a02e4/colorama-0.4.6.tar.gz", hash = "sha256:08695f5cb7ed6e0531a20572697297273c47b8cae5a63ffc6d6ed5c201be6e44", size = 27697, upload-time = "2022-10-25T02:36:22.414Z" }
wheels = [
    { url = "https://files.pythonhosted.org/packages/d1/d6/3965ed04c63042e047cb6a3e6ed1a63a35087b6a609aa3a15ed8ac56c221/colorama-0.4.6-py2.py3-none-any.whl", hash = "sha256:4f1d9991f5acc0ca119f9d443620b77f9d6b33703e51011c16baf57afb285fc6", size = 25335, upload-time = "2022-10-25T02:36:20.889Z" },
]

[[package]]
name = "dota-spectator-worker"
version = "0.1.0"
source = { virtual = "." }
dependencies = [
    { name = "grpcio" },
    { name = "protobuf" },
    { name = "steam", extra = ["client"] },
]

[package.dev-dependencies]
dev = [
    { name = "grpcio-tools" },
    { name = "pytest" },
    { name = "setuptools" },
]

[package.metadata]
requires-dist = [
    { name = "grpcio", specifier = "==1.48.2" },
    { name = "protobuf", specifier = "==3.20.3" },
    { name = "steam", extras = ["client"], specifier = "==1.4.4" },
]

[package.metadata.requires-dev]
dev = [
    { name = "grpcio-tools", specifier = "==1.48.2" },
    { name = "pytest", specifier = "==8.3.4" },
    { name = "setuptools", specifier = "<81" },
]

[[package]]
name = "exceptiongroup"
version = "1.3.1"
source = { registry = "https://pypi.org/simple" }
dependencies = [
    { name = "typing-extensions" },
]
sdist = { url = "https://files.pythonhosted.org/packages/50/79/66800aadf48771f6b62f7eb014e352e5d06856655206165d775e675a02c9/exceptiongroup-1.3.1.tar.gz", hash = "sha256:8b412432c6055b0b7d14c310000ae93352ed6754f70fa8f7c34141f91c4e3219", size = 30371, upload-time = "2025-11-21T23:01:54.787Z" }
wheels = [
    { url = "https://files.pythonhosted.org/packages/8a/0e/97c33bf5009bdbac74fd2beace167cab3f978feb69cc36f1ef79360d6c4e/exceptiongroup-1.3.1-py3-none-any.whl", hash = "sha256:a7a39a3bd276781e98394987d3a5701d0c4edffb633bb7a5144577f82c773598", size = 16740, upload-time = "2025-11-21T23:01:53.443Z" },
]

[[package]]
name = "gevent"
version = "26.5.0"
source = { registry = "https://pypi.org/simple" }
dependencies = [
    { name = "cffi", marker = "platform_python_implementation == 'CPython' and sys_platform == 'win32'" },
    { name = "greenlet", marker = "platform_python_implementation == 'CPython'" },
    { name = "zope-event" },
    { name = "zope-interface" },
]
sdist = { url = "https://files.pythonhosted.org/packages/c4/cb/98aa3a299e2fc4a2372b5d124863e02965b64579ffc29fe54d0641e65b2f/gevent-26.5.0.tar.gz", hash = "sha256:1655eb04c1e20d71b2aa4a3c7528162dd58ff6cc46a037af1f01f534c80fefba", size = 6712354, upload-time = "2026-05-20T21:22:45.132Z" }
wheels = [
    { url = "https://files.pythonhosted.org/packages/72/b7/01a5880e01702f39fb09e3616c624054a0dc9a82561a865f3b1eff4bfc80/gevent-26.5.0-cp310-cp310-manylinux_2_28_x86_64.whl", hash = "sha256:2ba673dcbf7747513b58fa64ca7e9d6a828bc5c604d1552d23db89006d7911df", size = 2181491, upload-time = "2026-05-20T20:35:19.326Z" },
    { url = "https://files.pythonhosted.org/packages/8d/fe/035ec5fa58a886740a744380118f03a90ac2da3f6c9cba248f28074ce40a/gevent-26.5.0-cp310-cp310-musllinux_1_2_x86_64.whl", hash = "sha256:271b1474d81bb33036631adb16a35e5a1ee9dc414b05c999d6b01dc839a89975", size = 2212161, upload-time = "2026-05-20T20:43:25.678Z" },
]

[[package]]
name = "gevent-eventemitter"
version = "2.1"
source = { registry = "https://pypi.org/simple" }
dependencies = [
    { name = "gevent" },
]
sdist = { url = "https://files.pythonhosted.org/packages/1f/56/9e449b380f1e8cf19bedb4564e61a79dcf3971e6204ef08885d5816a9fe9/gevent-eventemitter-2.1.tar.gz", hash = "sha256:00e6e688c6a255f7bdcef1d8c999e0d02d9ab87d3c6ff626e6dc1a09762107f4", size = 3725, upload-time = "2019-06-02T10:01:33.479Z" }
wheels = [
    { url = "https://files.pythonhosted.org/packages/c7/f5/47f896511ca1fb5dd6e9fa1ba152f9ccc3f892f4d31c8757cfe36c248c8e/gevent_eventemitter-2.1-py2.py3-none-any.whl", hash = "sha256:30605a9fbb1f38b2511f188a2e7a1b4e9262f3c13bf810ac5b79cc0ba2900ff7", size = 5863, upload-time = "2019-06-02T10:01:31.926Z" },
]

[[package]]
name = "greenlet"
version = "3.5.1"
source = { registry = "https://pypi.org/simple" }
sdist = { url = "https://files.pythonhosted.org/packages/6d/6e/802acd792aebb2256fbbee8cacf2727faaeb6f240ac11008f09eae4414bc/greenlet-3.5.1.tar.gz", hash = "sha256:5a56aeb7d5d9cc4b3a735efb5095bd4b4f6f0e4f93e5ca876d0e2315137b7829", size = 197356, upload-time = "2026-05-20T15:05:03.917Z" }
wheels = [
    { url = "https://files.pythonhosted.org/packages/1d/21/117c8710abb7f146d804a124c07eb5964a60b90d02b72452885aecc18efa/greenlet-3.5.1-cp310-cp310-macosx_11_0_universal2.whl", hash = "sha256:7eacb17a9d41538a2bc4912eba5ef13823c83cb69e4d141d0813debe7163187f", size = 283510, upload-time = "2026-05-20T13:12:26.475Z" },
    { url = "https://files.pythonhosted.org/packages/b9/f7/6762a56fa5f6c2295c449c6524e10ce481e381c994cc44d9d03aef0700fb/greenlet-3.5.1-cp310-cp310-manylinux_2_24_aarch64.manylinux_2_28_aarch64.whl", hash = "sha256:e5cc9606aa5f4e0bde0d3bd502b44f743864c3ffa5cfa1011b1e30f5aa02366f", size = 599696, upload-time = "2026-05-20T14:00:02.906Z" },
    { url = "https://files.pythonhosted.org/packages/0f/05/85a511e68ee109aff0aa00b4b497806091dd2d82ce209e49c6e801bd5d92/greenlet-3.5.1-cp310-cp310-manylinux_2_24_ppc64le.manylinux_2_28_ppc64le.whl", hash = "sha256:c3d35f87c7253b715d13d679e0783d845910144f282cb939fe1ba4ac8616269c", size = 612618, upload-time = "2026-05-20T14:05:39.202Z" },
    { url = "https://files.pythonhosted.org/packages/2e/19/60df45065b2981ff894fdd51e7c99a3a4b107412822b083d88d5d528f663/greenlet-3.5.1-cp310-cp310-manylinux_2_24_s390x.manylinux_2_28_s390x.whl", hash = "sha256:00929c98ec525fd9bf075875d8c5f6a983a90906cdf78a66e6de2d8e466c2a19", size = 619237, upload-time = "2026-05-20T14:09:06.421Z" },
    { url = "https://files.pythonhosted.org/packages/89/b8/8b83d18ae07c46c019617f35afd7b47aab7f9b4fbb12fc637d681e10bdd8/greenlet-3.5.1-cp310-cp310-manylinux_2_24_x86_64.manylinux_2_28_x86_64.whl", hash = "sha256:540dae7b956209af4d70a3be35927b4055f617763771e5e84a5255bea934d2f5", size = 612947, upload-time = "2026-05-20T13:14:23.469Z" },
    { url = "https://files.pythonhosted.org/packages/26/9a/4ba4c2bc9d9df5f41bb8943fb7bb11e440352e6b9c2e36716b6e85f8b82d/greenlet-3.5.1-cp310-cp310-manylinux_2_39_riscv64.whl", hash = "sha256:001775efe7b8e758861294c7a27c28af87f3f3f1c20468a2bc618c45b346c061", size = 415653, upload-time = "2026-05-20T14:01:36.999Z" },
    { url = "https://files.pythonhosted.org/packages/5d/14/ad1f9fc9b82384c010212464a3702bd911f95dab2f1180bc6fbcfb1f958c/greenlet-3.5.1-cp310-cp310-musllinux_1_2_aarch64.whl", hash = "sha256:ed8cdb691169715a9a492844a83246f090182247d1a5031dc78a403f68ba1e97", size = 1571425, upload-time = "2026-05-20T14:02:22.671Z" },
    { url = "https://files.pythonhosted.org/packages/46/1c/43b8203cf10f4292c9e3d270e9e5f5ade79115a0a0ca5ea6f1be5f8915a7/greenlet-3.5.1-cp310-cp310-musllinux_1_2_x86_64.whl", hash = "sha256:9d59e840387076a51016777a9328b3f2c427c6f9208a6e958bad251be50a648d", size = 1638688, upload-time = "2026-05-20T13:14:30.026Z" },
    { url = "https://files.pythonhosted.org/packages/ac/6e/0344b1e99f58f71715456e46492101fd2daa408957b8186ade0a4b515da7/greenlet-3.5.1-cp310-cp310-win_amd64.whl", hash = "sha256:b9152fca4a6466e114aaec745ae61cba739903a109754a9d4e1262f01e9259b1", size = 237763, upload-time = "2026-05-20T13:11:35.659Z" },
]

[[package]]
name = "grpcio"
version = "1.48.2"
source = { registry = "https://pypi.org/simple" }
dependencies = [
    { name = "six" },
]
sdist = { url = "https://files.pythonhosted.org/packages/81/9a/6b33e8d15850356772f0ee6489bc8346a7aa90f0c86733283e139740865e/grpcio-1.48.2.tar.gz", hash = "sha256:90e5da224c6b9b23658adf6f36de6f435ef7dbcc9c5c12330314d70d6f8de1f7", size = 21992949, upload-time = "2022-09-22T02:50:21.173Z" }
wheels = [
    { url = "https://files.pythonhosted.org/packages/e0/8d/302bed1bfafe5511f49203ad78047013642e4ef9087e626f0613f60b20c0/grpcio-1.48.2-cp310-cp310-linux_armv7l.whl", hash = "sha256:665141b3a97b7d22978c8d2ba0c0af7f67bd6d7a56889c5c0aa715d04009b518", size = 71563235, upload-time = "2022-09-22T02:44:47.537Z" },
    { url = "https://files.pythonhosted.org/packages/d8/86/e474e8e6979a7919bfec5906c7d76816904cc78f9b12f0d1abfee618b50e/grpcio-1.48.2-cp310-cp310-macosx_10_10_x86_64.whl", hash = "sha256:199526758f6f8d35a596c610f33ea76faae65ec175dc109e8481ea3404d8527c", size = 4221975, upload-time = "2022-09-22T02:44:52.828Z" },
    { url = "https://files.pythonhosted.org/packages/12/e9/cd3400b3feb33a793104be90be22de07e62c684853318ee73ea67e076f70/grpcio-1.48.2-cp310-cp310-manylinux_2_17_aarch64.whl", hash = "sha256:3d3225d477663c27b9051546a32551babd1ccb80192905e08340264deccc975b", size = 63860332, upload-time = "2022-09-22T02:44:59.06Z" },
    { url = "https://files.pythonhosted.org/packages/0e/ad/1b8c470183e5ac2ab0a490f47e70b842a42d08350bb58ae417171ab97d55/grpcio-1.48.2-cp310-cp310-manylinux_2_17_i686.manylinux2014_i686.whl", hash = "sha256:abee7dd82443b2cd128004e053b263a6d7256d570df80956a974634b8c5bc121", size = 4776949, upload-time = "2022-09-22T02:45:03.377Z" },
    { url = "https://files.pythonhosted.org/packages/f3/6b/726214491f69937ad6a7a766380b6413554f64341d8a69f1bdadfd2fac20/grpcio-1.48.2-cp310-cp310-manylinux_2_17_x86_64.manylinux2014_x86_64.whl", hash = "sha256:9dc08baa1b28749e90428aaa16e038e8c389d8ccb843ddc0dc8b95231640b432", size = 4586659, upload-time = "2022-09-22T02:45:05.875Z" },
    { url = "https://files.pythonhosted.org/packages/07/d3/89bc271fd97d93b29deb2267f65caea68571c766e1a87c7ede75396cc43a/grpcio-1.48.2-cp310-cp310-musllinux_1_1_i686.whl", hash = "sha256:110028e0b9c346230ae69b8a6d8b25d4d43bfd37bda61a8ec46486da1e781dcb", size = 5020566, upload-time = "2022-09-22T02:45:08.821Z" },
    { url = "https://files.pythonhosted.org/packages/25/b6/a9a4df0a8e12bc80eded731421e291ed9ee122a3c51754a52b08e851f3f3/grpcio-1.48.2-cp310-cp310-musllinux_1_1_x86_64.whl", hash = "sha256:6affa7e685edbb7421f942296eb618359362e89e641bcf46779c6ec7b944d275", size = 4808896, upload-time = "2022-09-22T02:45:11.85Z" },
    { url = "https://files.pythonhosted.org/packages/d3/2c/e148a7fb3d15fb60e61656494a96486c04d927214d6db37be20650956f66/grpcio-1.48.2-cp310-cp310-win32.whl", hash = "sha256:f6afd1f4b5e0ec320fb2b027a646944fee8b58ba00fb43d081968f77d1a6e925", size = 3019346, upload-time = "2022-09-22T02:45:15.004Z" },
    { url = "https://files.pythonhosted.org/packages/d2/13/d41ae198d522c6684f111030c1de4a1c3c4c75aa3de814abe9663071d9ef/grpcio-1.48.2-cp310-cp310-win_amd64.whl", hash = "sha256:b8ec07dcc1cbd77b8c09dfc0ce6274920cb7b09cc04013110971d95d8bcc0bbf", size = 3573579, upload-time = "2022-09-22T02:45:17.637Z" },
]

[[package]]
name = "grpcio-tools"
version = "1.48.2"
source = { registry = "https://pypi.org/simple" }
dependencies = [
    { name = "grpcio" },
    { name = "protobuf" },
    { name = "setuptools" },
]
sdist = { url = "https://files.pythonhosted.org/packages/05/ea/f80452b50164b829c4e0f68ee0da45f4c232ee6121d4c46d1432a59f72f5/grpcio-tools-1.48.2.tar.gz", hash = "sha256:8902a035708555cddbd61b5467cea127484362decc52de03f061a1a520fe90cd", size = 2237584, upload-time = "2022-09-22T02:50:36.779Z" }
wheels = [
    { url = "https://files.pythonhosted.org/packages/85/b9/b9297b619da039b4d0c3d75e9d15106940d9ceda18407e8e6e13b1d7245a/grpcio_tools-1.48.2-cp310-cp310-linux_armv7l.whl", hash = "sha256:92acc3e10ba2b0dcb90a88ae9fe1cc0ffba6868545207e4ff20ca95284f8e3c9", size = 37456144, upload-time = "2022-09-22T02:47:58.055Z" },
    { url = "https://files.pythonhosted.org/packages/d1/1e/7700466b6f85ade8f3bcb8975d5fe309a7f06ef5a49c00fa28f58e0edfdf/grpcio_tools-1.48.2-cp310-cp310-macosx_10_10_x86_64.whl", hash = "sha256:e5bb396d63495667d4df42e506eed9d74fc9a51c99c173c04395fe7604c848f1", size = 2089366, upload-time = "2022-09-22T02:48:03.776Z" },
    { url = "https://files.pythonhosted.org/packages/07/e3/e6b2e1d7a2e7aaf37d21d9853cc05dc318e75970068e843f81f779c1fc70/grpcio_tools-1.48.2-cp310-cp310-manylinux_2_17_aarch64.whl", hash = "sha256:84a84d601a238572d049d3108e04fe4c206536e81076d56e623bd525a1b38def", size = 31488723, upload-time = "2022-09-22T02:48:08.207Z" },
    { url = "https://files.pythonhosted.org/packages/9f/d0/391291494ecffd35e50d479ec597086369fc0986b1b49277bf72d4023e1e/grpcio_tools-1.48.2-cp310-cp310-manylinux_2_17_i686.manylinux2014_i686.whl", hash = "sha256:70564521e86a0de35ea9ac6daecff10cb46860aec469af65869974807ce8e98b", size = 2570503, upload-time = "2022-09-22T02:48:11.547Z" },
    { url = "https://files.pythonhosted.org/packages/88/70/eb925c9e04eb4cd5b7cec134f7ca3a844ec0ca87fc969040d5515a29e5ad/grpcio_tools-1.48.2-cp310-cp310-manylinux_2_17_x86_64.manylinux2014_x86_64.whl", hash = "sha256:bdbbe63f6190187de5946891941629912ac8196701ed2253fa91624a397822ec", size = 2419933, upload-time = "2022-09-22T02:48:13.811Z" },
    { url = "https://files.pythonhosted.org/packages/4b/36/32c09aa399c396b2fc49b452581b70084baab0aa27090843fd4aba0749d3/grpcio_tools-1.48.2-cp310-cp310-musllinux_1_1_i686.whl", hash = "sha256:ae56f133b05b7e5d780ef7e032dd762adad7f3dc8f64adb43ff5bfabd659f435", size = 3033237, upload-time = "2022-09-22T02:48:16.53Z" },
    { url = "https://files.pythonhosted.org/packages/40/4a/8aaeab9f443f4214f1ff8fcdeb8e1008d8191e7b6b9af86e32dd32afd85a/grpcio_tools-1.48.2-cp310-cp310-musllinux_1_1_x86_64.whl", hash = "sha256:f0feb4f2b777fa6377e977faa89c26359d4f31953de15e035505b92f41aa6906", size = 2771371, upload-time = "2022-09-22T02:48:19.252Z" },
    { url = "https://files.pythonhosted.org/packages/17/b8/6e26e31ee2658632037a5eb210dfe2253d1e6446793c78e8a08dd4139a24/grpcio_tools-1.48.2-cp310-cp310-win32.whl", hash = "sha256:80f450272316ca0924545f488c8492649ca3aeb7044d4bf59c426dcdee527f7c", size = 1606964, upload-time = "2022-09-22T02:48:22.513Z" },
    { url = "https://files.pythonhosted.org/packages/e0/91/3ed435ec5f119882a564eea0ee4776fa09d7e6507e86b0a11bbfb2939582/grpcio_tools-1.48.2-cp310-cp310-win_amd64.whl", hash = "sha256:21ff50e321736eba22210bf9b94e05391a9ac345f26e7df16333dc75d63e74fb", size = 1918977, upload-time = "2022-09-22T02:48:25.244Z" },
]

[[package]]
name = "idna"
version = "3.18"
source = { registry = "https://pypi.org/simple" }
sdist = { url = "https://files.pythonhosted.org/packages/cd/63/9496c57188a2ee585e0f1db071d75089a11e98aa86eb99d9d7618fc1edce/idna-3.18.tar.gz", hash = "sha256:ffb385a7e039654cef1ab9ef32c6fafe283c0c0467bba1d9029738ce4a14a848", size = 196711, upload-time = "2026-06-02T14:34:07.794Z" }
wheels = [
    { url = "https://files.pythonhosted.org/packages/1e/5e/d4e9f1a599fb8e573b7b87160658329fbf28d19eac2718f51fc3def3aa5a/idna-3.18-py3-none-any.whl", hash = "sha256:7f952cbe720b688055e3f87de14f5c3e5fdaa8bc3928985c4077ca689de849a2", size = 65455, upload-time = "2026-06-02T14:34:06.319Z" },
]

[[package]]
name = "iniconfig"
version = "2.3.0"
source = { registry = "https://pypi.org/simple" }
sdist = { url = "https://files.pythonhosted.org/packages/72/34/14ca021ce8e5dfedc35312d08ba8bf51fdd999c576889fc2c24cb97f4f10/iniconfig-2.3.0.tar.gz", hash = "sha256:c76315c77db068650d49c5b56314774a7804df16fee4402c1f19d6d15d8c4730", size = 20503, upload-time = "2025-10-18T21:55:43.219Z" }
wheels = [
    { url = "https://files.pythonhosted.org/packages/cb/b1/3846dd7f199d53cb17f49cba7e651e9ce294d8497c8c150530ed11865bb8/iniconfig-2.3.0-py3-none-any.whl", hash = "sha256:f631c04d2c48c52b84d0d0549c99ff3859c98df65b3101406327ecc7d53fbf12", size = 7484, upload-time = "2025-10-18T21:55:41.639Z" },
]

[[package]]
name = "packaging"
version = "26.2"
source = { registry = "https://pypi.org/simple" }
sdist = { url = "https://files.pythonhosted.org/packages/d7/f1/e7a6dd94a8d4a5626c03e4e99c87f241ba9e350cd9e6d75123f992427270/packaging-26.2.tar.gz", hash = "sha256:ff452ff5a3e828ce110190feff1178bb1f2ea2281fa2075aadb987c2fb221661", size = 228134, upload-time = "2026-04-24T20:15:23.917Z" }
wheels = [
    { url = "https://files.pythonhosted.org/packages/df/b2/87e62e8c3e2f4b32e5fe99e0b86d576da1312593b39f47d8ceef365e95ed/packaging-26.2-py3-none-any.whl", hash = "sha256:5fc45236b9446107ff2415ce77c807cee2862cb6fac22b8a73826d0693b0980e", size = 100195, upload-time = "2026-04-24T20:15:22.081Z" },
]

[[package]]
name = "pluggy"
version = "1.6.0"
source = { registry = "https://pypi.org/simple" }
sdist = { url = "https://files.pythonhosted.org/packages/f9/e2/3e91f31a7d2b083fe6ef3fa267035b518369d9511ffab804f839851d2779/pluggy-1.6.0.tar.gz", hash = "sha256:7dcc130b76258d33b90f61b658791dede3486c3e6bfb003ee5c9bfb396dd22f3", size = 69412, upload-time = "2025-05-15T12:30:07.975Z" }
wheels = [
    { url = "https://files.pythonhosted.org/packages/54/20/4d324d65cc6d9205fabedc306948156824eb9f0ee1633355a8f7ec5c66bf/pluggy-1.6.0-py3-none-any.whl", hash = "sha256:e920276dd6813095e9377c0bc5566d94c932c33b27a3e3945d8389c374dd4746", size = 20538, upload-time = "2025-05-15T12:30:06.134Z" },
]

[[package]]
name = "protobuf"
version = "3.20.3"
source = { registry = "https://pypi.org/simple" }
sdist = { url = "https://files.pythonhosted.org/packages/55/5b/e3d951e34f8356e5feecacd12a8e3b258a1da6d9a03ad1770f28925f29bc/protobuf-3.20.3.tar.gz", hash = "sha256:2e3427429c9cffebf259491be0af70189607f365c2f41c7c3764af6f337105f2", size = 216768, upload-time = "2022-09-29T22:39:47.592Z" }
wheels = [
    { url = "https://files.pythonhosted.org/packages/28/55/b80e8567ec327c060fa39b242392e25690c8899c489ecd7bb65b46b7bb55/protobuf-3.20.3-cp310-cp310-manylinux2014_aarch64.whl", hash = "sha256:f4bd856d702e5b0d96a00ec6b307b0f51c1982c2bf9c0052cf9019e9a544ba99", size = 918427, upload-time = "2022-09-29T22:10:52.591Z" },
    { url = "https://files.pythonhosted.org/packages/31/be/80a9c6f16dfa4d41be3edbe655349778ae30882407fa8275eb46b4d34854/protobuf-3.20.3-cp310-cp310-manylinux_2_12_x86_64.manylinux2010_x86_64.whl", hash = "sha256:9aae4406ea63d825636cc11ffb34ad3379335803216ee3a856787bcf5ccc751e", size = 1051042, upload-time = "2022-09-29T22:10:54.629Z" },
    { url = "https://files.pythonhosted.org/packages/db/96/948d3fcc1fa816e7ae1d27af59b9d8c5c5e582f3994fd14394f31da95b99/protobuf-3.20.3-cp310-cp310-win32.whl", hash = "sha256:28545383d61f55b57cf4df63eebd9827754fd2dc25f80c5253f9184235db242c", size = 780167, upload-time = "2022-09-29T22:10:56.276Z" },
    { url = "https://files.pythonhosted.org/packages/6f/5e/fc6feb366b0a9f28e0a2de3b062667c521cd9517d4ff55077b8f351ba2f3/protobuf-3.20.3-cp310-cp310-win_amd64.whl", hash = "sha256:67a3598f0a2dcbc58d02dd1928544e7d88f764b47d4a286202913f0b2801c2e7", size = 904029, upload-time = "2022-09-29T22:10:57.866Z" },
    { url = "https://files.pythonhosted.org/packages/8d/14/619e24a4c70df2901e1f4dbc50a6291eb63a759172558df326347dce1f0d/protobuf-3.20.3-py2.py3-none-any.whl", hash = "sha256:a7ca6d488aa8ff7f329d4c545b2dbad8ac31464f1d8b1c87ad1346717731e4db", size = 162128, upload-time = "2022-09-29T22:39:44.547Z" },
]

[[package]]
name = "pycparser"
version = "3.0"
source = { registry = "https://pypi.org/simple" }
sdist = { url = "https://files.pythonhosted.org/packages/1b/7d/92392ff7815c21062bea51aa7b87d45576f649f16458d78b7cf94b9ab2e6/pycparser-3.0.tar.gz", hash = "sha256:600f49d217304a5902ac3c37e1281c9fe94e4d0489de643a9504c5cdfdfc6b29", size = 103492, upload-time = "2026-01-21T14:26:51.89Z" }
wheels = [
    { url = "https://files.pythonhosted.org/packages/0c/c3/44f3fbbfa403ea2a7c779186dc20772604442dde72947e7d01069cbe98e3/pycparser-3.0-py3-none-any.whl", hash = "sha256:b727414169a36b7d524c1c3e31839a521725078d7b2ff038656844266160a992", size = 48172, upload-time = "2026-01-21T14:26:50.693Z" },
]

[[package]]
name = "pycryptodomex"
version = "3.23.0"
source = { registry = "https://pypi.org/simple" }
sdist = { url = "https://files.pythonhosted.org/packages/c9/85/e24bf90972a30b0fcd16c73009add1d7d7cd9140c2498a68252028899e41/pycryptodomex-3.23.0.tar.gz", hash = "sha256:71909758f010c82bc99b0abf4ea12012c98962fbf0583c2164f8b84533c2e4da", size = 4922157, upload-time = "2025-05-17T17:23:41.434Z" }
wheels = [
    { url = "https://files.pythonhosted.org/packages/dd/9c/1a8f35daa39784ed8adf93a694e7e5dc15c23c741bbda06e1d45f8979e9e/pycryptodomex-3.23.0-cp37-abi3-macosx_10_9_universal2.whl", hash = "sha256:06698f957fe1ab229a99ba2defeeae1c09af185baa909a31a5d1f9d42b1aaed6", size = 2499240, upload-time = "2025-05-17T17:22:46.953Z" },
    { url = "https://files.pythonhosted.org/packages/7a/62/f5221a191a97157d240cf6643747558759126c76ee92f29a3f4aee3197a5/pycryptodomex-3.23.0-cp37-abi3-macosx_10_9_x86_64.whl", hash = "sha256:b2c2537863eccef2d41061e82a881dcabb04944c5c06c5aa7110b577cc487545", size = 1644042, upload-time = "2025-05-17T17:22:49.098Z" },
    { url = "https://files.pythonhosted.org/packages/8c/fd/5a054543c8988d4ed7b612721d7e78a4b9bf36bc3c5ad45ef45c22d0060e/pycryptodomex-3.23.0-cp37-abi3-manylinux_2_17_aarch64.manylinux2014_aarch64.whl", hash = "sha256:43c446e2ba8df8889e0e16f02211c25b4934898384c1ec1ec04d7889c0333587", size = 2186227, upload-time = "2025-05-17T17:22:51.139Z" },
    { url = "https://files.pythonhosted.org/packages/c8/a9/8862616a85cf450d2822dbd4fff1fcaba90877907a6ff5bc2672cafe42f8/pycryptodomex-3.23.0-cp37-abi3-manylinux_2_17_x86_64.manylinux2014_x86_64.whl", hash = "sha256:f489c4765093fb60e2edafdf223397bc716491b2b69fe74367b70d6999257a5c", size = 2272578, upload-time = "2025-05-17T17:22:53.676Z" },
    { url = "https://files.pythonhosted.org/packages/46/9f/bda9c49a7c1842820de674ab36c79f4fbeeee03f8ff0e4f3546c3889076b/pycryptodomex-3.23.0-cp37-abi3-manylinux_2_5_i686.manylinux1_i686.manylinux_2_17_i686.manylinux2014_i686.whl", hash = "sha256:bdc69d0d3d989a1029df0eed67cc5e8e5d968f3724f4519bd03e0ec68df7543c", size = 2312166, upload-time = "2025-05-17T17:22:56.585Z" },
    { url = "https://files.pythonhosted.org/packages/03/cc/870b9bf8ca92866ca0186534801cf8d20554ad2a76ca959538041b7a7cf4/pycryptodomex-3.23.0-cp37-abi3-musllinux_1_2_aarch64.whl", hash = "sha256:6bbcb1dd0f646484939e142462d9e532482bc74475cecf9c4903d4e1cd21f003", size = 2185467, upload-time = "2025-05-17T17:22:59.237Z" },
    { url = "https://files.pythonhosted.org/packages/96/e3/ce9348236d8e669fea5dd82a90e86be48b9c341210f44e25443162aba187/pycryptodomex-3.23.0-cp37-abi3-musllinux_1_2_i686.whl", hash = "sha256:8a4fcd42ccb04c31268d1efeecfccfd1249612b4de6374205376b8f280321744", size = 2346104, upload-time = "2025-05-17T17:23:02.112Z" },
    { url = "https://files.pythonhosted.org/packages/a5/e9/e869bcee87beb89040263c416a8a50204f7f7a83ac11897646c9e71e0daf/pycryptodomex-3.23.0-cp37-abi3-musllinux_1_2_x86_64.whl", hash = "sha256:55ccbe27f049743a4caf4f4221b166560d3438d0b1e5ab929e07ae1702a4d6fd", size = 2271038, upload-time = "2025-05-17T17:23:04.872Z" },
    { url = "https://files.pythonhosted.org/packages/8d/67/09ee8500dd22614af5fbaa51a4aee6e342b5fa8aecf0a6cb9cbf52fa6d45/pycryptodomex-3.23.0-cp37-abi3-win32.whl", hash = "sha256:189afbc87f0b9f158386bf051f720e20fa6145975f1e76369303d0f31d1a8d7c", size = 1771969, upload-time = "2025-05-17T17:23:07.115Z" },
    { url = "https://files.pythonhosted.org/packages/69/96/11f36f71a865dd6df03716d33bd07a67e9d20f6b8d39820470b766af323c/pycryptodomex-3.23.0-cp37-abi3-win_amd64.whl", hash = "sha256:52e5ca58c3a0b0bd5e100a9fbc8015059b05cffc6c66ce9d98b4b45e023443b9", size = 1803124, upload-time = "2025-05-17T17:23:09.267Z" },
    { url = "https://files.pythonhosted.org/packages/f9/93/45c1cdcbeb182ccd2e144c693eaa097763b08b38cded279f0053ed53c553/pycryptodomex-3.23.0-cp37-abi3-win_arm64.whl", hash = "sha256:02d87b80778c171445d67e23d1caef279bf4b25c3597050ccd2e13970b57fd51", size = 1707161, upload-time = "2025-05-17T17:23:11.414Z" },
    { url = "https://files.pythonhosted.org/packages/f3/b8/3e76d948c3c4ac71335bbe75dac53e154b40b0f8f1f022dfa295257a0c96/pycryptodomex-3.23.0-pp310-pypy310_pp73-macosx_10_15_x86_64.whl", hash = "sha256:ebfff755c360d674306e5891c564a274a47953562b42fb74a5c25b8fc1fb1cb5", size = 1627695, upload-time = "2025-05-17T17:23:17.38Z" },
    { url = "https://files.pythonhosted.org/packages/6a/cf/80f4297a4820dfdfd1c88cf6c4666a200f204b3488103d027b5edd9176ec/pycryptodomex-3.23.0-pp310-pypy310_pp73-manylinux_2_17_aarch64.manylinux2014_aarch64.whl", hash = "sha256:eca54f4bb349d45afc17e3011ed4264ef1cc9e266699874cdd1349c504e64798", size = 1675772, upload-time = "2025-05-17T17:23:19.202Z" },
    { url = "https://files.pythonhosted.org/packages/d1/42/1e969ee0ad19fe3134b0e1b856c39bd0b70d47a4d0e81c2a8b05727394c9/pycryptodomex-3.23.0-pp310-pypy310_pp73-manylinux_2_17_x86_64.manylinux2014_x86_64.whl", hash = "sha256:4f2596e643d4365e14d0879dc5aafe6355616c61c2176009270f3048f6d9a61f", size = 1668083, upload-time = "2025-05-17T17:23:21.867Z" },
    { url = "https://files.pythonhosted.org/packages/6e/c3/1de4f7631fea8a992a44ba632aa40e0008764c0fb9bf2854b0acf78c2cf2/pycryptodomex-3.23.0-pp310-pypy310_pp73-manylinux_2_5_i686.manylinux1_i686.manylinux_2_17_i686.manylinux2014_i686.whl", hash = "sha256:fdfac7cda115bca3a5abb2f9e43bc2fb66c2b65ab074913643803ca7083a79ea", size = 1706056, upload-time = "2025-05-17T17:23:24.031Z" },
    { url = "https://files.pythonhosted.org/packages/f2/5f/af7da8e6f1e42b52f44a24d08b8e4c726207434e2593732d39e7af5e7256/pycryptodomex-3.23.0-pp310-pypy310_pp73-win_amd64.whl", hash = "sha256:14c37aaece158d0ace436f76a7bb19093db3b4deade9797abfc39ec6cd6cc2fe", size = 1806478, upload-time = "2025-05-17T17:23:26.066Z" },
]

[[package]]
name = "pytest"
version = "8.3.4"
source = { registry = "https://pypi.org/simple" }
dependencies = [
    { name = "colorama", marker = "sys_platform == 'win32'" },
    { name = "exceptiongroup" },
    { name = "iniconfig" },
    { name = "packaging" },
    { name = "pluggy" },
    { name = "tomli" },
]
sdist = { url = "https://files.pythonhosted.org/packages/05/35/30e0d83068951d90a01852cb1cef56e5d8a09d20c7f511634cc2f7e0372a/pytest-8.3.4.tar.gz", hash = "sha256:965370d062bce11e73868e0335abac31b4d3de0e82f4007408d242b4f8610761", size = 1445919, upload-time = "2024-12-01T12:54:25.98Z" }
wheels = [
    { url = "https://files.pythonhosted.org/packages/11/92/76a1c94d3afee238333bc0a42b82935dd8f9cf8ce9e336ff87ee14d9e1cf/pytest-8.3.4-py3-none-any.whl", hash = "sha256:50e16d954148559c9a74109af1eaf0c945ba2d8f30f0a3d3335edde19788b6f6", size = 343083, upload-time = "2024-12-01T12:54:19.735Z" },
]

[[package]]
name = "requests"
version = "2.34.2"
source = { registry = "https://pypi.org/simple" }
dependencies = [
    { name = "certifi" },
    { name = "charset-normalizer" },
    { name = "idna" },
    { name = "urllib3" },
]
sdist = { url = "https://files.pythonhosted.org/packages/ac/c3/e2a2b89f2d3e2179abd6d00ebd70bff6273f37fb3e0cc209f48b39d00cbf/requests-2.34.2.tar.gz", hash = "sha256:f288924cae4e29463698d6d60bc6a4da69c89185ad1e0bcc4104f584e960b9ed", size = 142856, upload-time = "2026-05-14T19:25:27.735Z" }
wheels = [
    { url = "https://files.pythonhosted.org/packages/a0/f4/c67b0b3f1b9245e8d266f0f112c500d50e5b4e83cb6f3b71b6528104182a/requests-2.34.2-py3-none-any.whl", hash = "sha256:2a0d60c172f83ac6ab31e4554906c0f3b3588d37b5cb939b1c061f4907e278e0", size = 73075, upload-time = "2026-05-14T19:25:26.443Z" },
]

[[package]]
name = "setuptools"
version = "80.10.2"
source = { registry = "https://pypi.org/simple" }
sdist = { url = "https://files.pythonhosted.org/packages/76/95/faf61eb8363f26aa7e1d762267a8d602a1b26d4f3a1e758e92cb3cb8b054/setuptools-80.10.2.tar.gz", hash = "sha256:8b0e9d10c784bf7d262c4e5ec5d4ec94127ce206e8738f29a437945fbc219b70", size = 1200343, upload-time = "2026-01-25T22:38:17.252Z" }
wheels = [
    { url = "https://files.pythonhosted.org/packages/94/b8/f1f62a5e3c0ad2ff1d189590bfa4c46b4f3b6e49cef6f26c6ee4e575394d/setuptools-80.10.2-py3-none-any.whl", hash = "sha256:95b30ddfb717250edb492926c92b5221f7ef3fbcc2b07579bcd4a27da21d0173", size = 1064234, upload-time = "2026-01-25T22:38:15.216Z" },
]

[[package]]
name = "six"
version = "1.17.0"
source = { registry = "https://pypi.org/simple" }
sdist = { url = "https://files.pythonhosted.org/packages/94/e7/b2c673351809dca68a0e064b6af791aa332cf192da575fd474ed7d6f16a2/six-1.17.0.tar.gz", hash = "sha256:ff70335d468e7eb6ec65b95b99d3a2836546063f63acc5171de367e834932a81", size = 34031, upload-time = "2024-12-04T17:35:28.174Z" }
wheels = [
    { url = "https://files.pythonhosted.org/packages/b7/ce/149a00dd41f10bc29e5921b496af8b574d8413afcd5e30dfa0ed46c2cc5e/six-1.17.0-py2.py3-none-any.whl", hash = "sha256:4721f391ed90541fddacab5acf947aa0d3dc7d27b2e1e8eda2be8970586c3274", size = 11050, upload-time = "2024-12-04T17:35:26.475Z" },
]

[[package]]
name = "steam"
version = "1.4.4"
source = { registry = "https://pypi.org/simple" }
dependencies = [
    { name = "cachetools" },
    { name = "pycryptodomex" },
    { name = "requests" },
    { name = "six" },
    { name = "vdf" },
]
sdist = { url = "https://files.pythonhosted.org/packages/9a/31/62ac25584988182dee5ee949395e08943ff8b11634dc33abab7078d28433/steam-1.4.4.tar.gz", hash = "sha256:2b5bd6911c0d4a7312f441b8d162b9d8d47c8bebb8efc6c8867393b0323fa52e", size = 644071, upload-time = "2022-12-10T11:16:22.757Z" }

[package.optional-dependencies]
client = [
    { name = "gevent" },
    { name = "gevent-eventemitter" },
    { name = "protobuf" },
]

[[package]]
name = "tomli"
version = "2.4.1"
source = { registry = "https://pypi.org/simple" }
sdist = { url = "https://files.pythonhosted.org/packages/22/de/48c59722572767841493b26183a0d1cc411d54fd759c5607c4590b6563a6/tomli-2.4.1.tar.gz", hash = "sha256:7c7e1a961a0b2f2472c1ac5b69affa0ae1132c39adcb67aba98568702b9cc23f", size = 17543, upload-time = "2026-03-25T20:22:03.828Z" }
wheels = [
    { url = "https://files.pythonhosted.org/packages/7b/61/cceae43728b7de99d9b847560c262873a1f6c98202171fd5ed62640b494b/tomli-2.4.1-py3-none-any.whl", hash = "sha256:0d85819802132122da43cb86656f8d1f8c6587d54ae7dcaf30e90533028b49fe", size = 14583, upload-time = "2026-03-25T20:22:03.012Z" },
]

[[package]]
name = "typing-extensions"
version = "4.15.0"
source = { registry = "https://pypi.org/simple" }
sdist = { url = "https://files.pythonhosted.org/packages/72/94/1a15dd82efb362ac84269196e94cf00f187f7ed21c242792a923cdb1c61f/typing_extensions-4.15.0.tar.gz", hash = "sha256:0cea48d173cc12fa28ecabc3b837ea3cf6f38c6d1136f85cbaaf598984861466", size = 109391, upload-time = "2025-08-25T13:49:26.313Z" }
wheels = [
    { url = "https://files.pythonhosted.org/packages/18/67/36e9267722cc04a6b9f15c7f3441c2363321a3ea07da7ae0c0707beb2a9c/typing_extensions-4.15.0-py3-none-any.whl", hash = "sha256:f0fa19c6845758ab08074a0cfa8b7aecb71c999ca73d62883bc25cc018c4e548", size = 44614, upload-time = "2025-08-25T13:49:24.86Z" },
]

[[package]]
name = "urllib3"
version = "2.7.0"
source = { registry = "https://pypi.org/simple" }
sdist = { url = "https://files.pythonhosted.org/packages/53/0c/06f8b233b8fd13b9e5ee11424ef85419ba0d8ba0b3138bf360be2ff56953/urllib3-2.7.0.tar.gz", hash = "sha256:231e0ec3b63ceb14667c67be60f2f2c40a518cb38b03af60abc813da26505f4c", size = 433602, upload-time = "2026-05-07T16:13:18.596Z" }
wheels = [
    { url = "https://files.pythonhosted.org/packages/7f/3e/5db95bcf282c52709639744ca2a8b149baccf648e39c8cc87553df9eae0c/urllib3-2.7.0-py3-none-any.whl", hash = "sha256:9fb4c81ebbb1ce9531cce37674bbc6f1360472bc18ca9a553ede278ef7276897", size = 131087, upload-time = "2026-05-07T16:13:17.151Z" },
]

[[package]]
name = "vdf"
version = "3.4"
source = { registry = "https://pypi.org/simple" }
sdist = { url = "https://files.pythonhosted.org/packages/44/7f/74192f47d67c8bf3c47bf0d8487b3457614c2c98d58b6617721d217f3f79/vdf-3.4.tar.gz", hash = "sha256:fd5419f41e07a1009e5ffd027c7dcbe43d1f7e8ef453aeaa90d9d04b807de2af", size = 11132, upload-time = "2021-05-22T09:26:05.252Z" }
wheels = [
    { url = "https://files.pythonhosted.org/packages/96/60/6456b687cf55cf60020dcd01f9bc51561c3cc84f05fd8e0feb71ce60f894/vdf-3.4-py2.py3-none-any.whl", hash = "sha256:68c1a125cc49e343d535af2dd25074e9cb0908c6607f073947c4a04bbe234534", size = 10357, upload-time = "2021-05-22T09:26:03.948Z" },
]

[[package]]
name = "zope-event"
version = "6.2"
source = { registry = "https://pypi.org/simple" }
sdist = { url = "https://files.pythonhosted.org/packages/93/41/faa10af34d48d9cd6fa0249a1162943ad84a9590bd1a06939981e6640416/zope_event-6.2.tar.gz", hash = "sha256:b97d5d6327067ee6b9dfcbdf606ade9ade70991e19c162e808ea39e5fcf0f8d3", size = 18958, upload-time = "2026-04-28T06:24:10.578Z" }
wheels = [
    { url = "https://files.pythonhosted.org/packages/9e/33/848922889e946d4befc415c219fe516af75c49555d8e736e183bfd30db42/zope_event-6.2-py3-none-any.whl", hash = "sha256:5e755153ac4faf64c10a4b6dd3307680166a3edf65b38df22df592610f8fa874", size = 6525, upload-time = "2026-04-28T06:24:09.176Z" },
]

[[package]]
name = "zope-interface"
version = "8.5"
source = { registry = "https://pypi.org/simple" }
sdist = { url = "https://files.pythonhosted.org/packages/08/dc/50550cfcbb2ea3cbca5f1d7ed05c8aa840f831a0f2d63aec0a953f7c590e/zope_interface-8.5.tar.gz", hash = "sha256:7a3ba1c5877f0f3e3906b02ddf793abed2becc2948116414ce0e1dd820b68d6d", size = 257957, upload-time = "2026-05-26T06:50:14.574Z" }
wheels = [
    { url = "https://files.pythonhosted.org/packages/b6/43/9cd98bee951d23848de690ba2809f87e3b22c67c370987acc960da15ad37/zope_interface-8.5-cp310-cp310-macosx_10_9_x86_64.whl", hash = "sha256:c0c8aa2bf8f3911ef37b87deb1bbe225a310e6eb6522a16d77f5d8330c4f6fbe", size = 210951, upload-time = "2026-05-26T06:49:00.178Z" },
    { url = "https://files.pythonhosted.org/packages/17/0f/8f1a29966bcf863e3a2121edcafb81c55715de7886bcc9544749cc79e7da/zope_interface-8.5-cp310-cp310-macosx_11_0_arm64.whl", hash = "sha256:efe234a0fafb4b6b1602e9be9245b97c2bf06d67c07af5a4bc3c0438978b555c", size = 211309, upload-time = "2026-05-26T06:49:02.732Z" },
    { url = "https://files.pythonhosted.org/packages/9f/9f/37e564eaaf85e3abc1ada40a79fa43f2ab45bdb67431b0ec0fe29e4763e2/zope_interface-8.5-cp310-cp310-manylinux1_i686.manylinux2014_i686.manylinux_2_17_i686.manylinux_2_5_i686.whl", hash = "sha256:dabeb6fe1228d411994f300811edc6866fff0cdcbc9cef98a78f05ea0da42e37", size = 254881, upload-time = "2026-05-26T06:49:04.303Z" },
    { url = "https://files.pythonhosted.org/packages/06/61/e6501d8ea7a2cac3217e03f404e1f98c1df7191d83cfe86b1895fbba5dac/zope_interface-8.5-cp310-cp310-manylinux1_x86_64.manylinux2014_x86_64.manylinux_2_17_x86_64.manylinux_2_5_x86_64.whl", hash = "sha256:147a9442dcc2b7339ecdb1be2b3cdb098e90462e39425054053ebfb50d99125a", size = 259811, upload-time = "2026-05-26T06:49:06.373Z" },
    { url = "https://files.pythonhosted.org/packages/91/15/bfa25ef480b02af6e9452c478483fec75e87c9e2b60c407fd0b1f6054b9c/zope_interface-8.5-cp310-cp310-manylinux2014_aarch64.manylinux_2_17_aarch64.whl", hash = "sha256:a17e681224267880707c9ec9e730ad9a1ad2d65c371256843efba6cf48711b58", size = 260358, upload-time = "2026-05-26T06:49:08.317Z" },
    { url = "https://files.pythonhosted.org/packages/64/51/2b518072fea76242da64451d501c69b7b5ccdef9b57fead584ccf1c180d5/zope_interface-8.5-cp310-cp310-win_amd64.whl", hash = "sha256:d178968a1a611df30549a717d1624cb38ca810347339e3e37b7baa6f6781a170", size = 214822, upload-time = "2026-05-26T06:49:10.441Z" },
]
